#MicroXplorer Configuration settings - do not modify
Mcu.Family=STM32L1
RCC.MSI_VALUE=2097000
ProjectManager.MainLocation=Src
PC15-OSC32_OUT.Mode=LSE-External-Oscillator
PH0-OSC_IN.Locked=true
ProjectManager.ProjectFileName=CUBEFanProject.ioc
PH0-OSC_IN.Signal=RCC_OSC_IN
USART2.IPParameters=VirtualMode
Dma.TIM3_CH3.0.Mode=DMA_CIRCULAR
Dma.TIM3_CH3.0.RequestParameters=Instance,Direction,PeriphInc,MemInc,PeriphDataAlignment,MemDataAlignment,Mode,Priority
Dma.TIM3_CH3.0.MemDataAlignment=DMA_MDATAALIGN_HALFWORD
ProjectManager.KeepUserCode=true
Mcu.UserName=STM32L152RETx
Mcu.PinsNb=15
ProjectManager.NoMain=false
ADC.Rank-0\#ChannelRegularConversion=1
RCC.PLLCLKFreq_Value=32000000
PA14.GPIO_Label=TCK
Dma.TIM3_CH3.0.Priority=DMA_PRIORITY_LOW
ProjectManager.functionlistsort=1-MX_GPIO_Init-GPIO-false-HAL-true,2-SystemClock_Config-RCC-false-HAL-false,3-MX_USART2_UART_Init-USART2-false-HAL-true,4-MX_ADC_Init-ADC-false-HAL-true
PC8.Signal=S_TIM3_CH3
Dma.TIM3_CH3.0.PeriphInc=DMA_PINC_DISABLE
PC6.Signal=GPIO_Output
RCC.RTCFreq_Value=32768
PA3.GPIOParameters=GPIO_Label
ProjectManager.DefaultFWLocation=false
ADC.IPParameters=Rank-0\#ChannelRegularConversion,Channel-0\#ChannelRegularConversion,SamplingTime-0\#ChannelRegularConversion,NbrOfConversionFlag,ClockPrescaler,Resolution,ContinuousConvMode
NVIC.SVC_IRQn=true\:0\:0\:false\:false\:true\:true\:false
ProjectManager.DeletePrevious=true
PC14-OSC32_IN.Signal=RCC_OSC32_IN
RCC.TimerFreq_Value=32000000
boardIOC=true
ADC.ClockPrescaler=ADC_CLOCK_ASYNC_DIV4
SH.S_TIM3_CH3.0=TIM3_CH3,PWM Generation3 CH3
PA2.GPIOParameters=GPIO_Label
PinOutPanel.RotationAngle=0
RCC.FamilyName=M
RCC.SYSCLKSource=RCC_SYSCLKSOURCE_PLLCLK
ProjectManager.StackSize=0x400
Dma.TIM3_CH3.0.Direction=DMA_MEMORY_TO_PERIPH
SH.GPXTI13.0=GPIO_EXTI13
PA3.Mode=Asynchronous
PA13.Signal=SYS_JTMS-SWDIO
Mcu.IP4=SYS
TIM3.Channel-PWM\ Generation3\ CH3=TIM_CHANNEL_3
RCC.FCLKCortexFreq_Value=32000000
Mcu.IP5=TIM3
Mcu.IP2=NVIC
Mcu.IP3=RCC
Mcu.IP0=ADC
Mcu.IP1=DMA
RCC.PLLDIV=RCC_PLL_DIV3
PC15-OSC32_OUT.Locked=true
NVIC.ADC1_IRQn=true\:0\:0\:false\:false\:true\:true\:true
Mcu.UserConstants=
NVIC.DMA1_Channel2_IRQn=true\:0\:0\:false\:false\:true\:false\:true
ProjectManager.TargetToolchain=SW4STM32
SH.GPXTI13.ConfNb=1
SH.S_TIM3_CH3.ConfNb=1
Mcu.ThirdPartyNb=0
RCC.HCLKFreq_Value=32000000
Mcu.IPNb=7
ProjectManager.PreviousToolchain=SW4STM32
PC13-WKUP2.GPIO_Label=B1 [Blue PushButton]
PC6.Locked=true
RCC.APB2TimFreq_Value=32000000
TIM3.Period=99
PA0-WKUP1.Signal=ADC_IN0
ADC.NbrOfConversionFlag=1
Mcu.Pin6=PA2
Mcu.Pin7=PA3
Mcu.Pin8=PC6
Mcu.Pin9=PC8
VP_TIM3_VS_ClockSourceINT.Signal=TIM3_VS_ClockSourceINT
PC15-OSC32_OUT.Signal=RCC_OSC32_OUT
RCC.AHBFreq_Value=32000000
PH0-OSC_IN.Mode=HSE-External-Clock-Source
Mcu.Pin0=PC13-WKUP2
Mcu.Pin1=PC14-OSC32_IN
Mcu.Pin2=PC15-OSC32_OUT
Mcu.Pin3=PH0-OSC_IN
Mcu.Pin4=PH1-OSC_OUT
Mcu.Pin5=PA0-WKUP1
ProjectManager.ProjectBuild=false
RCC.HSE_VALUE=8000000
PC13-WKUP2.Signal=GPXTI13
NVIC.UsageFault_IRQn=true\:0\:0\:false\:false\:true\:true\:false
NVIC.DebugMonitor_IRQn=true\:0\:0\:false\:false\:true\:true\:false
RCC.MCOPinFreq_Value=32000000
board=NUCLEO-L152RE
RCC.VCOOutputFreq_Value=96000000
NVIC.SysTick_IRQn=true\:0\:0\:true\:false\:true\:true\:true
ProjectManager.LastFirmware=true
RCC.PLLMUL=RCC_PLL_MUL6
PC13-WKUP2.GPIOParameters=GPIO_Label
ProjectManager.FirmwarePackage=STM32Cube FW_L1 V1.9.0
MxDb.Version=DB.5.0.60
RCC.APB2Freq_Value=32000000
ProjectManager.BackupPrevious=false
MxCube.Version=5.6.1
PC14-OSC32_IN.Mode=LSE-External-Oscillator
RCC.RTCClockSelectionVirtual=RCC_RTCCLKSOURCE_LSE
PA14.Mode=Serial_Wire
RCC.LCDFreq_Value=32768
TIM3.Prescaler=3199
File.Version=6
VP_SYS_VS_Systick.Mode=SysTick
PH1-OSC_OUT.Locked=true
TIM3.IPParameters=Channel-PWM Generation3 CH3,Period,Prescaler
PH1-OSC_OUT.Signal=RCC_OSC_OUT
PB3.GPIOParameters=GPIO_Label
NVIC.NonMaskableInt_IRQn=true\:0\:0\:false\:false\:true\:true\:false
PA0-WKUP1.Mode=IN0
NVIC.PendSV_IRQn=true\:0\:0\:false\:false\:true\:true\:false
PA13.Mode=Serial_Wire
ProjectManager.FreePins=false
RCC.IPParameters=48MHZClocksFreq_Value,AHBFreq_Value,APB1Freq_Value,APB1TimFreq_Value,APB2Freq_Value,APB2TimFreq_Value,FCLKCortexFreq_Value,FamilyName,HCLKFreq_Value,HSE_VALUE,HSI_VALUE,LCDFreq_Value,LSI_VALUE,MCOPinFreq_Value,MSI_VALUE,PLLCLKFreq_Value,PLLDIV,PLLMUL,PWRFreq_Value,RTCClockSelectionVirtual,RTCFreq_Value,RTCHSEDivFreq_Value,SYSCLKFreq_VALUE,SYSCLKSource,TIMFreq_Value,TimerFreq_Value,USBOutput,VCOOutputFreq_Value
ProjectManager.AskForMigrate=true
Mcu.Name=STM32L152RETx
Dma.RequestsNb=1
ProjectManager.HalAssertFull=false
RCC.RTCHSEDivFreq_Value=4000000
PA2.Signal=USART2_TX
PA13.GPIO_Label=TMS
ProjectManager.ProjectName=CUBEFanProject
ProjectManager.UnderRoot=true
PA13.GPIOParameters=GPIO_Label
Mcu.IP6=USART2
ProjectManager.CoupleFile=false
RCC.48MHZClocksFreq_Value=48000000
PB3.Signal=SYS_JTDO-TRACESWO
RCC.SYSCLKFreq_VALUE=32000000
Dma.TIM3_CH3.0.MemInc=DMA_MINC_ENABLE
Mcu.Package=LQFP64
Dma.TIM3_CH3.0.Instance=DMA1_Channel2
PC13-WKUP2.Locked=true
PA3.Locked=true
NVIC.ForceEnableDMAVector=true
KeepUserPlacement=false
USART2.VirtualMode=VM_ASYNC
RCC.USBOutput=48000000
PA14.GPIOParameters=GPIO_Label
NVIC.MemoryManagement_IRQn=true\:0\:0\:false\:false\:true\:true\:false
PA13.Locked=true
PA14.Locked=true
ProjectManager.CompilerOptimize=6
ProjectManager.ToolChainLocation=
PA2.GPIO_Label=USART_TX
RCC.LSI_VALUE=37000
VP_SYS_VS_Systick.Signal=SYS_VS_Systick
Dma.TIM3_CH3.0.PeriphDataAlignment=DMA_PDATAALIGN_HALFWORD
PA14.Signal=SYS_JTCK-SWCLK
ADC.Channel-0\#ChannelRegularConversion=ADC_CHANNEL_0
ProjectManager.HeapSize=0x200
NVIC.HardFault_IRQn=true\:0\:0\:false\:false\:true\:true\:false
Mcu.Pin13=VP_SYS_VS_Systick
Mcu.Pin14=VP_TIM3_VS_ClockSourceINT
ProjectManager.ComputerToolchain=false
RCC.HSI_VALUE=16000000
NVIC.PriorityGroup=NVIC_PRIORITYGROUP_0
Mcu.Pin11=PA14
Mcu.Pin12=PB3
ADC.Resolution=ADC_RESOLUTION_10B
Mcu.Pin10=PA13
RCC.APB1TimFreq_Value=32000000
PA2.Mode=Asynchronous
NVIC.BusFault_IRQn=true\:0\:0\:false\:false\:true\:true\:false
RCC.PWRFreq_Value=32000000
PC8.Locked=true
ADC.SamplingTime-0\#ChannelRegularConversion=ADC_SAMPLETIME_4CYCLES
Dma.Request0=TIM3_CH3
RCC.APB1Freq_Value=32000000
ADC.ContinuousConvMode=ENABLE
ProjectManager.CustomerFirmwarePackage=..\\..\\..\\..\\STM32Cube\\Repository\\stm32cube_fw_l1_v190\\STM32Cube_FW_L1_V1.9.0
VP_TIM3_VS_ClockSourceINT.Mode=Internal
ProjectManager.DeviceId=STM32L152RETx
PC14-OSC32_IN.Locked=true
ProjectManager.LibraryCopy=1
PB3.Locked=true
PA3.GPIO_Label=USART_RX
PA3.Signal=USART2_RX
RCC.TIMFreq_Value=32000000
PA2.Locked=true
PB3.GPIO_Label=SWO
